// !$*UTF8*$!
{
	archiveVersion = 1;
	classes = {
	};
	objectVersion = 46;
	objects = {

/* Begin PBXBuildFile section */
		AA39B3E41E242DCD00C9AD2C /* main.m in Sources */ = {isa = PBXBuildFile; fileRef = AA39B3E31E242DCD00C9AD2C /* main.m */; };
		AA39B3EC1E243B9300C9AD2C /* Car.m in Sources */ = {isa = PBXBuildFile; fileRef = AA39B3EB1E243B9300C9AD2C /* Car.m */; };
		AA39B3EF1E243C6F00C9AD2C /* Toyota.m in Sources */ = {isa = PBXBuildFile; fileRef = AA39B3EE1E243C6F00C9AD2C /* Toyota.m */; };
/* End PBXBuildFile section */

/* Begin PBXCopyFilesBuildPhase section */
		AA39B3DE1E242DCD00C9AD2C /* CopyFiles */ = {
			isa = PBXCopyFilesBuildPhase;
			buildActionMask = 2147483647;
			dstPath = /usr/share/man/man1/;
			dstSubfolderSpec = 0;
			files = (
			);
			runOnlyForDeploymentPostprocessing = 1;
		};
/* End PBXCopyFilesBuildPhase section */

/* Begin PBXFileReference section */
		AA39B3E01E242DCD00C9AD2C /* Variables */ = {isa = PBXFileReference; explicitFileType = "compiled.mach-o.executable"; includeInIndex = 0; path = Variables; sourceTree = BUILT_PRODUCTS_DIR; };
		AA39B3E31E242DCD00C9AD2C /* main.m */ = {isa = PBXFileReference; lastKnownFileType = sourcecode.c.objc; path = main.m; sourceTree = "<group>"; };
		AA39B3EA1E243B9300C9AD2C /* Car.h */ = {isa = PBXFileReference; fileEncoding = 4; lastKnownFileType = sourcecode.c.h; path = Car.h; sourceTree = "<group>"; };
		AA39B3EB1E243B9300C9AD2C /* Car.m */ = {isa = PBXFileReference; fileEncoding = 4; lastKnownFileType = sourcecode.c.objc; path = Car.m; sourceTree = "<group>"; };
		AA39B3ED1E243C6F00C9AD2C /* Toyota.h */ = {isa = PBXFileReference; fileEncoding = 4; lastKnownFileType = sourcecode.c.h; path = Toyota.h; sourceTree = "<group>"; };
		AA39B3EE1E243C6F00C9AD2C /* Toyota.m */ = {isa = PBXFileReference; fileEncoding = 4; lastKnownFileType = sourcecode.c.objc; path = Toyota.m; sourceTree = "<group>"; };
/* End PBXFileReference section */

/* Begin PBXFrameworksBuildPhase section */
		AA39B3DD1E242DCD00C9AD2C /* Frameworks */ = {
			isa = PBXFrameworksBuildPhase;
			buildActionMask = 2147483647;
			files = (
			);
			runOnlyForDeploymentPostprocessing = 0;
		};
/* End PBXFrameworksBuildPhase section */

/* Begin PBXGroup section */
		AA39B3D71E242DCD00C9AD2C = {
			isa = PBXGroup;
			children = (
				AA39B3ED1E243C6F00C9AD2C /* Toyota.h */,
				AA39B3EE1E243C6F00C9AD2C /* Toyota.m */,
				AA39B3EA1E243B9300C9AD2C /* Car.h */,
				AA39B3EB1E243B9300C9AD2C /* Car.m */,
				AA39B3E21E242DCD00C9AD2C /* Variables */,
				AA39B3E11E242DCD00C9AD2C /* Products */,
			);
			sourceTree = "<group>";
		};
		AA39B3E11E242DCD00C9AD2C /* Products */ = {
			isa = PBXGroup;
			children = (
				AA39B3E01E242DCD00C9AD2C /* Variables */,
			);
			name = Products;
			sourceTree = "<group>";
		};
		AA39B3E21E242DCD00C9AD2C /* Variables */ = {
			isa = PBXGroup;
			children = (
				AA39B3E31E242DCD00C9AD2C /* main.m */,
			);
			path = Variables;
			sourceTree = "<group>";
		};
/* End PBXGroup section */

/* Begin PBXNativeTarget section */
		AA39B3DF1E242DCD00C9AD2C /* Variables */ = {
			isa = PBXNativeTarget;
			buildConfigurationList = AA39B3E71E242DCD00C9AD2C /* Build configuration list for PBXNativeTarget "Variables" */;
			buildPhases = (
				AA39B3DC1E242DCD00C9AD2C /* Sources */,
				AA39B3DD1E242DCD00C9AD2C /* Frameworks */,
				AA39B3DE1E242DCD00C9AD2C /* CopyFiles */,
			);
			buildRules = (
			);
			dependencies = (
			);
			name = Variables;
			productName = Variables;
			productReference = AA39B3E01E242DCD00C9AD2C /* Variables */;
			productType = "com.apple.product-type.tool";
		};
/* End PBXNativeTarget section */

/* Begin PBXProject section */
		AA39B3D81E242DCD00C9AD2C /* Project object */ = {
			isa = PBXProject;
			attributes = {
				LastUpgradeCheck = 0820;
				ORGANIZATIONNAME = steve;
				TargetAttributes = {
					AA39B3DF1E242DCD00C9AD2C = {
						CreatedOnToolsVersion = 8.2.1;
						DevelopmentTeam = 6D3DA9G4XW;
						ProvisioningStyle = Automatic;
					};
				};
			};
			buildConfigurationList = AA39B3DB1E242DCD00C9AD2C /* Build configuration list for PBXProject "Variables" */;
			compatibilityVersion = "Xcode 3.2";
			developmentRegion = English;
			hasScannedForEncodings = 0;
			knownRegions = (
				en,
			);
			mainGroup = AA39B3D71E242DCD00C9AD2C;
			productRefGroup = AA39B3E11E242DCD00C9AD2C /* Products */;
			projectDirPath = "";
			projectRoot = "";
			targets = (
				AA39B3DF1E242DCD00C9AD2C /* Variables */,
			);
		};
/* End PBXProject section */

/* Begin PBXSourcesBuildPhase section */
		AA39B3DC1E242DCD00C9AD2C /* Sources */ = {
			isa = PBXSourcesBuildPhase;
			buildActionMask = 2147483647;
			files = (
				AA39B3EF1E243C6F00C9AD2C /* Toyota.m in Sources */,
				AA39B3EC1E243B9300C9AD2C /* Car.m in Sources */,
				AA39B3E41E242DCD00C9AD2C /* main.m in Sources */,
			);
			runOnlyForDeploymentPostprocessing = 0;
		};
/* End PBXSourcesBuildPhase section */

/* Begin XCBuildConfiguration section */
		AA39B3E51E242DCD00C9AD2C /* Debug */ = {
			isa = XCBuildConfiguration;
			buildSettings = {
				ALWAYS_SEARCH_USER_PATHS = NO;
				CLANG_ANALYZER_NONNULL = YES;
				CLANG_CXX_LANGUAGE_STANDARD = "gnu++0x";
				CLANG_CXX_LIBRARY = "libc++";
				CLANG_ENABLE_MODULES = YES;
				CLANG_ENABLE_OBJC_ARC = YES;
				CLANG_WARN_BOOL_CONVERSION = YES;
				CLANG_WARN_CONSTANT_CONVERSION = YES;
				CLANG_WARN_DIRECT_OBJC_ISA_USAGE = YES_ERROR;
				CLANG_WARN_DOCUMENTATION_COMMENTS = YES;
				CLANG_WARN_EMPTY_BODY = YES;
				CLANG_WARN_ENUM_CONVERSION = YES;
				CLANG_WARN_INFINITE_RECURSION = YES;
				CLANG_WARN_INT_CONVERSION = YES;
				CLANG_WARN_OBJC_ROOT_CLASS = YES_ERROR;
				CLANG_WARN_SUSPICIOUS_MOVE = YES;
				CLANG_WARN_UNREACHABLE_CODE = YES;
				CLANG_WARN__DUPLICATE_METHOD_MATCH = YES;
				CODE_SIGN_IDENTITY = "-";
				COPY_PHASE_STRIP = NO;
				DEBUG_INFORMATION_FORMAT = dwarf;
				ENABLE_STRICT_OBJC_MSGSEND = YES;
				ENABLE_TESTABILITY = YES;
				GCC_C_LANGUAGE_STANDARD = gnu99;
				GCC_DYNAMIC_NO_PIC = NO;
				GCC_NO_COMMON_BLOCKS = YES;
				GCC_OPTIMIZATION_LEVEL = 0;
				GCC_PREPROCESSOR_DEFINITIONS = (
					"DEBUG=1",
					"$(inherited)",
				);
				GCC_WARN_64_TO_32_BIT_CONVERSION = YES;
				GCC_WARN_ABOUT_RETURN_TYPE = YES_ERROR;
				GCC_WARN_UNDECLARED_SELECTOR = YES;
				GCC_WARN_UNINITIALIZED_AUTOS = YES_AGGRESSIVE;
				GCC_WARN_UNUSED_FUNCTION = YES;
				GCC_WARN_UNUSED_VARIABLE = YES;
				MACOSX_DEPLOYMENT_TARGET = 10.12;
				MTL_ENABLE_DEBUG_INFO = YES;
				ONLY_ACTIVE_ARCH = YES;
				SDKROOT = macosx;
			};
			name = Debug;
		};
		AA39B3E61E242DCD00C9AD2C /* Release */ = {
			isa = XCBuildConfiguration;
			buildSettings = {
				ALWAYS_SEARCH_USER_PATHS = NO;
				CLANG_ANALYZER_NONNULL = YES;
				CLANG_CXX_LANGUAGE_STANDARD = "gnu++0x";
				CLANG_CXX_LIBRARY = "libc++";
				CLANG_ENABLE_MODULES = YES;
				CLANG_ENABLE_OBJC_ARC = YES;
				CLANG_WARN_BOOL_CONVERSION = YES;
				CLANG_WARN_CONSTANT_CONVERSION = YES;
				CLANG_WARN_DIRECT_OBJC_ISA_USAGE = YES_ERROR;
				CLANG_WARN_DOCUMENTATION_COMMENTS = YES;
				CLANG_WARN_EMPTY_BODY = YES;
				CLANG_WARN_ENUM_CONVERSION = YES;
				CLANG_WARN_INFINITE_RECURSION = YES;
				CLANG_WARN_INT_CONVERSION = YES;
				CLANG_WARN_OBJC_ROOT_CLASS = YES_ERROR;
				CLANG_WARN_SUSPICIOUS_MOVE = YES;
				CLANG_WARN_UNREACHABLE_CODE = YES;
				CLANG_WARN__DUPLICATE_METHOD_MATCH = YES;
				CODE_SIGN_IDENTITY = "-";
				COPY_PHASE_STRIP = NO;
				DEBUG_INFORMATION_FORMAT = "dwarf-with-dsym";
				ENABLE_NS_ASSERTIONS = NO;
				ENABLE_STRICT_OBJC_MSGSEND = YES;
				GCC_C_LANGUAGE_STANDARD = gnu99;
				GCC_NO_COMMON_BLOCKS = YES;
				GCC_WARN_64_TO_32_BIT_CONVERSION = YES;
				GCC_WARN_ABOUT_RETURN_TYPE = YES_ERROR;
				GCC_WARN_UNDECLARED_SELECTOR = YES;
				GCC_WARN_UNINITIALIZED_AUTOS = YES_AGGRESSIVE;
				GCC_WARN_UNUSED_FUNCTION = YES;
				GCC_WARN_UNUSED_VARIABLE = YES;
				MACOSX_DEPLOYMENT_TARGET = 10.12;
				MTL_ENABLE_DEBUG_INFO = NO;
				SDKROOT = macosx;
			};
			name = Release;
		};
		AA39B3E81E242DCD00C9AD2C /* Debug */ = {
			isa = XCBuildConfiguration;
			buildSettings = {
				DEVELOPMENT_TEAM = 6D3DA9G4XW;
				PRODUCT_NAME = "$(TARGET_NAME)";
			};
			name = Debug;
		};
		AA39B3E91E242DCD00C9AD2C /* Release */ = {
			isa = XCBuildConfiguration;
			buildSettings = {
				DEVELOPMENT_TEAM = 6D3DA9G4XW;
				PRODUCT_NAME = "$(TARGET_NAME)";
			};
			name = Release;
		};
/* End XCBuildConfiguration section */

/* Begin XCConfigurationList section */
		AA39B3DB1E242DCD00C9AD2C /* Build configuration list for PBXProject "Variables" */ = {
			isa = XCConfigurationList;
			buildConfigurations = (
				AA39B3E51E242DCD00C9AD2C /* Debug */,
				AA39B3E61E242DCD00C9AD2C /* Release */,
			);
			defaultConfigurationIsVisible = 0;
			defaultConfigurationName = Release;
		};
		AA39B3E71E242DCD00C9AD2C /* Build configuration list for PBXNativeTarget "Variables" */ = {
			isa = XCConfigurationList;
			buildConfigurations = (
				AA39B3E81E242DCD00C9AD2C /* Debug */,
				AA39B3E91E242DCD00C9AD2C /* Release */,
			);
			defaultConfigurationIsVisible = 0;
		};
/* End XCConfigurationList section */
	};
	rootObject = AA39B3D81E242DCD00C9AD2C /* Project object */;
}
